
Microsoft Visual Studio Solution File, Format Version 12.00
# Visual Studio Version 17
VisualStudioVersion = 17.14.36121.58
MinimumVisualStudioVersion = 10.0.40219.1
Project("{8BC9CEB8-8B4A-11D0-8D11-00A0C91BC942}") = "Test", "Test\Test.vcxproj", "{3813BACB-80FC-45A8-ACC4-E86AE87D49AF}"
	ProjectSection(ProjectDependencies) = postProject
		{27DFF51D-C0D2-4839-81D3-81CD96392399} = {27DFF51D-C0D2-4839-81D3-81CD96392399}
		{3EE1E7C9-E1D0-4825-9FB1-311AEAF93067} = {3EE1E7C9-E1D0-4825-9FB1-311AEAF93067}
		{6B871BCD-DB15-4A9C-9935-9CE293F3ADDF} = {6B871BCD-DB15-4A9C-9935-9CE293F3ADDF}
		{81469553-F9FD-4F7A-9943-42C6E9F043A6} = {81469553-F9FD-4F7A-9943-42C6E9F043A6}
		{89D00B91-90BB-4D85-8800-421E1278EA25} = {89D00B91-90BB-4D85-8800-421E1278EA25}
		{9E117864-44EC-4166-9C2A-0E4EB345AED3} = {9E117864-44EC-4166-9C2A-0E4EB345AED3}
		{BC0C6C7D-ADEC-46B7-8FAC-7B664F68F46D} = {BC0C6C7D-ADEC-46B7-8FAC-7B664F68F46D}
		{C3DCCBF4-D5F3-4C39-AA89-C8D38D132E4D} = {C3DCCBF4-D5F3-4C39-AA89-C8D38D132E4D}
		{F0592DC1-4642-4DDC-990A-A3D5061A8836} = {F0592DC1-4642-4DDC-990A-A3D5061A8836}
	EndProjectSection
EndProject
Project("{8BC9CEB8-8B4A-11D0-8D11-00A0C91BC942}") = "Logger", "Logger\Logger.vcxproj", "{27DFF51D-C0D2-4839-81D3-81CD96392399}"
	ProjectSection(ProjectDependencies) = postProject
		{89D00B91-90BB-4D85-8800-421E1278EA25} = {89D00B91-90BB-4D85-8800-421E1278EA25}
	EndProjectSection
EndProject
Project("{8BC9CEB8-8B4A-11D0-8D11-00A0C91BC942}") = "myLibException", "myLibException\myLibException.vcxproj", "{F0592DC1-4642-4DDC-990A-A3D5061A8836}"
	ProjectSection(ProjectDependencies) = postProject
		{27DFF51D-C0D2-4839-81D3-81CD96392399} = {27DFF51D-C0D2-4839-81D3-81CD96392399}
		{89D00B91-90BB-4D85-8800-421E1278EA25} = {89D00B91-90BB-4D85-8800-421E1278EA25}
	EndProjectSection
EndProject
Project("{8BC9CEB8-8B4A-11D0-8D11-00A0C91BC942}") = "InstantInput", "InstantInput\InstantInput.vcxproj", "{BC0C6C7D-ADEC-46B7-8FAC-7B664F68F46D}"
EndProject
Project("{8BC9CEB8-8B4A-11D0-8D11-00A0C91BC942}") = "ThreadPool", "ThreadPool\ThreadPool.vcxproj", "{3EE1E7C9-E1D0-4825-9FB1-311AEAF93067}"
EndProject
Project("{8BC9CEB8-8B4A-11D0-8D11-00A0C91BC942}") = "CPUSupportChecker", "CPUSupportChecker\CPUSupportChecker.vcxproj", "{6B871BCD-DB15-4A9C-9935-9CE293F3ADDF}"
EndProject
Project("{8BC9CEB8-8B4A-11D0-8D11-00A0C91BC942}") = "CPUPerfCounter", "CPUPerfCounter\CPUPerfCounter.vcxproj", "{9E117864-44EC-4166-9C2A-0E4EB345AED3}"
	ProjectSection(ProjectDependencies) = postProject
		{81469553-F9FD-4F7A-9943-42C6E9F043A6} = {81469553-F9FD-4F7A-9943-42C6E9F043A6}
	EndProjectSection
EndProject
Project("{8BC9CEB8-8B4A-11D0-8D11-00A0C91BC942}") = "LineBuffer", "LineBuffer\LineBuffer.vcxproj", "{C3DCCBF4-D5F3-4C39-AA89-C8D38D132E4D}"
	ProjectSection(ProjectDependencies) = postProject
		{6B871BCD-DB15-4A9C-9935-9CE293F3ADDF} = {6B871BCD-DB15-4A9C-9935-9CE293F3ADDF}
	EndProjectSection
EndProject
Project("{8BC9CEB8-8B4A-11D0-8D11-00A0C91BC942}") = "MemPtrHelper", "MemPtrHelper\MemPtrHelper.vcxproj", "{81469553-F9FD-4F7A-9943-42C6E9F043A6}"
EndProject
Project("{8BC9CEB8-8B4A-11D0-8D11-00A0C91BC942}") = "TimeStamp", "TimeStamp\TimeStamp.vcxproj", "{89D00B91-90BB-4D85-8800-421E1278EA25}"
EndProject
Project("{8BC9CEB8-8B4A-11D0-8D11-00A0C91BC942}") = "Node", "Node\Node.vcxproj", "{14F035B0-BB87-42C9-8C86-AD167368AB15}"
EndProject
Global
	GlobalSection(SolutionConfigurationPlatforms) = preSolution
		Debug|x64 = Debug|x64
		Debug|x86 = Debug|x86
		Release|x64 = Release|x64
		Release|x86 = Release|x86
	EndGlobalSection
	GlobalSection(ProjectConfigurationPlatforms) = postSolution
		{3813BACB-80FC-45A8-ACC4-E86AE87D49AF}.Debug|x64.ActiveCfg = Debug|x64
		{3813BACB-80FC-45A8-ACC4-E86AE87D49AF}.Debug|x64.Build.0 = Debug|x64
		{3813BACB-80FC-45A8-ACC4-E86AE87D49AF}.Debug|x86.ActiveCfg = Debug|Win32
		{3813BACB-80FC-45A8-ACC4-E86AE87D49AF}.Debug|x86.Build.0 = Debug|Win32
		{3813BACB-80FC-45A8-ACC4-E86AE87D49AF}.Release|x64.ActiveCfg = Release|x64
		{3813BACB-80FC-45A8-ACC4-E86AE87D49AF}.Release|x86.ActiveCfg = Release|Win32
		{3813BACB-80FC-45A8-ACC4-E86AE87D49AF}.Release|x86.Build.0 = Release|Win32
		{27DFF51D-C0D2-4839-81D3-81CD96392399}.Debug|x64.ActiveCfg = Debug|x64
		{27DFF51D-C0D2-4839-81D3-81CD96392399}.Debug|x64.Build.0 = Debug|x64
		{27DFF51D-C0D2-4839-81D3-81CD96392399}.Debug|x86.ActiveCfg = Debug|Win32
		{27DFF51D-C0D2-4839-81D3-81CD96392399}.Debug|x86.Build.0 = Debug|Win32
		{27DFF51D-C0D2-4839-81D3-81CD96392399}.Release|x64.ActiveCfg = Release|x64
		{27DFF51D-C0D2-4839-81D3-81CD96392399}.Release|x64.Build.0 = Release|x64
		{27DFF51D-C0D2-4839-81D3-81CD96392399}.Release|x86.ActiveCfg = Release|Win32
		{27DFF51D-C0D2-4839-81D3-81CD96392399}.Release|x86.Build.0 = Release|Win32
		{F0592DC1-4642-4DDC-990A-A3D5061A8836}.Debug|x64.ActiveCfg = Debug|x64
		{F0592DC1-4642-4DDC-990A-A3D5061A8836}.Debug|x64.Build.0 = Debug|x64
		{F0592DC1-4642-4DDC-990A-A3D5061A8836}.Debug|x86.ActiveCfg = Debug|Win32
		{F0592DC1-4642-4DDC-990A-A3D5061A8836}.Debug|x86.Build.0 = Debug|Win32
		{F0592DC1-4642-4DDC-990A-A3D5061A8836}.Release|x64.ActiveCfg = Release|x64
		{F0592DC1-4642-4DDC-990A-A3D5061A8836}.Release|x64.Build.0 = Release|x64
		{F0592DC1-4642-4DDC-990A-A3D5061A8836}.Release|x86.ActiveCfg = Release|Win32
		{F0592DC1-4642-4DDC-990A-A3D5061A8836}.Release|x86.Build.0 = Release|Win32
		{BC0C6C7D-ADEC-46B7-8FAC-7B664F68F46D}.Debug|x64.ActiveCfg = Debug|x64
		{BC0C6C7D-ADEC-46B7-8FAC-7B664F68F46D}.Debug|x64.Build.0 = Debug|x64
		{BC0C6C7D-ADEC-46B7-8FAC-7B664F68F46D}.Debug|x86.ActiveCfg = Debug|Win32
		{BC0C6C7D-ADEC-46B7-8FAC-7B664F68F46D}.Debug|x86.Build.0 = Debug|Win32
		{BC0C6C7D-ADEC-46B7-8FAC-7B664F68F46D}.Release|x64.ActiveCfg = Release|x64
		{BC0C6C7D-ADEC-46B7-8FAC-7B664F68F46D}.Release|x64.Build.0 = Release|x64
		{BC0C6C7D-ADEC-46B7-8FAC-7B664F68F46D}.Release|x86.ActiveCfg = Release|Win32
		{BC0C6C7D-ADEC-46B7-8FAC-7B664F68F46D}.Release|x86.Build.0 = Release|Win32
		{3EE1E7C9-E1D0-4825-9FB1-311AEAF93067}.Debug|x64.ActiveCfg = Debug|x64
		{3EE1E7C9-E1D0-4825-9FB1-311AEAF93067}.Debug|x64.Build.0 = Debug|x64
		{3EE1E7C9-E1D0-4825-9FB1-311AEAF93067}.Debug|x86.ActiveCfg = Debug|Win32
		{3EE1E7C9-E1D0-4825-9FB1-311AEAF93067}.Debug|x86.Build.0 = Debug|Win32
		{3EE1E7C9-E1D0-4825-9FB1-311AEAF93067}.Release|x64.ActiveCfg = Release|x64
		{3EE1E7C9-E1D0-4825-9FB1-311AEAF93067}.Release|x64.Build.0 = Release|x64
		{3EE1E7C9-E1D0-4825-9FB1-311AEAF93067}.Release|x86.ActiveCfg = Release|Win32
		{3EE1E7C9-E1D0-4825-9FB1-311AEAF93067}.Release|x86.Build.0 = Release|Win32
		{6B871BCD-DB15-4A9C-9935-9CE293F3ADDF}.Debug|x64.ActiveCfg = Debug|x64
		{6B871BCD-DB15-4A9C-9935-9CE293F3ADDF}.Debug|x64.Build.0 = Debug|x64
		{6B871BCD-DB15-4A9C-9935-9CE293F3ADDF}.Debug|x86.ActiveCfg = Debug|Win32
		{6B871BCD-DB15-4A9C-9935-9CE293F3ADDF}.Debug|x86.Build.0 = Debug|Win32
		{6B871BCD-DB15-4A9C-9935-9CE293F3ADDF}.Release|x64.ActiveCfg = Release|x64
		{6B871BCD-DB15-4A9C-9935-9CE293F3ADDF}.Release|x64.Build.0 = Release|x64
		{6B871BCD-DB15-4A9C-9935-9CE293F3ADDF}.Release|x86.ActiveCfg = Release|Win32
		{6B871BCD-DB15-4A9C-9935-9CE293F3ADDF}.Release|x86.Build.0 = Release|Win32
		{9E117864-44EC-4166-9C2A-0E4EB345AED3}.Debug|x64.ActiveCfg = Debug|x64
		{9E117864-44EC-4166-9C2A-0E4EB345AED3}.Debug|x64.Build.0 = Debug|x64
		{9E117864-44EC-4166-9C2A-0E4EB345AED3}.Debug|x86.ActiveCfg = Debug|Win32
		{9E117864-44EC-4166-9C2A-0E4EB345AED3}.Debug|x86.Build.0 = Debug|Win32
		{9E117864-44EC-4166-9C2A-0E4EB345AED3}.Release|x64.ActiveCfg = Release|x64
		{9E117864-44EC-4166-9C2A-0E4EB345AED3}.Release|x64.Build.0 = Release|x64
		{9E117864-44EC-4166-9C2A-0E4EB345AED3}.Release|x86.ActiveCfg = Release|Win32
		{9E117864-44EC-4166-9C2A-0E4EB345AED3}.Release|x86.Build.0 = Release|Win32
		{C3DCCBF4-D5F3-4C39-AA89-C8D38D132E4D}.Debug|x64.ActiveCfg = Debug|x64
		{C3DCCBF4-D5F3-4C39-AA89-C8D38D132E4D}.Debug|x64.Build.0 = Debug|x64
		{C3DCCBF4-D5F3-4C39-AA89-C8D38D132E4D}.Debug|x86.ActiveCfg = Debug|Win32
		{C3DCCBF4-D5F3-4C39-AA89-C8D38D132E4D}.Debug|x86.Build.0 = Debug|Win32
		{C3DCCBF4-D5F3-4C39-AA89-C8D38D132E4D}.Release|x64.ActiveCfg = Release|x64
		{C3DCCBF4-D5F3-4C39-AA89-C8D38D132E4D}.Release|x64.Build.0 = Release|x64
		{C3DCCBF4-D5F3-4C39-AA89-C8D38D132E4D}.Release|x86.ActiveCfg = Release|Win32
		{C3DCCBF4-D5F3-4C39-AA89-C8D38D132E4D}.Release|x86.Build.0 = Release|Win32
		{81469553-F9FD-4F7A-9943-42C6E9F043A6}.Debug|x64.ActiveCfg = Debug|x64
		{81469553-F9FD-4F7A-9943-42C6E9F043A6}.Debug|x64.Build.0 = Debug|x64
		{81469553-F9FD-4F7A-9943-42C6E9F043A6}.Debug|x86.ActiveCfg = Debug|Win32
		{81469553-F9FD-4F7A-9943-42C6E9F043A6}.Debug|x86.Build.0 = Debug|Win32
		{81469553-F9FD-4F7A-9943-42C6E9F043A6}.Release|x64.ActiveCfg = Release|x64
		{81469553-F9FD-4F7A-9943-42C6E9F043A6}.Release|x64.Build.0 = Release|x64
		{81469553-F9FD-4F7A-9943-42C6E9F043A6}.Release|x86.ActiveCfg = Release|Win32
		{81469553-F9FD-4F7A-9943-42C6E9F043A6}.Release|x86.Build.0 = Release|Win32
		{89D00B91-90BB-4D85-8800-421E1278EA25}.Debug|x64.ActiveCfg = Debug|x64
		{89D00B91-90BB-4D85-8800-421E1278EA25}.Debug|x64.Build.0 = Debug|x64
		{89D00B91-90BB-4D85-8800-421E1278EA25}.Debug|x86.ActiveCfg = Debug|Win32
		{89D00B91-90BB-4D85-8800-421E1278EA25}.Debug|x86.Build.0 = Debug|Win32
		{89D00B91-90BB-4D85-8800-421E1278EA25}.Release|x64.ActiveCfg = Release|x64
		{89D00B91-90BB-4D85-8800-421E1278EA25}.Release|x64.Build.0 = Release|x64
		{89D00B91-90BB-4D85-8800-421E1278EA25}.Release|x86.ActiveCfg = Release|Win32
		{89D00B91-90BB-4D85-8800-421E1278EA25}.Release|x86.Build.0 = Release|Win32
		{14F035B0-BB87-42C9-8C86-AD167368AB15}.Debug|x64.ActiveCfg = Debug|x64
		{14F035B0-BB87-42C9-8C86-AD167368AB15}.Debug|x64.Build.0 = Debug|x64
		{14F035B0-BB87-42C9-8C86-AD167368AB15}.Debug|x86.ActiveCfg = Debug|Win32
		{14F035B0-BB87-42C9-8C86-AD167368AB15}.Debug|x86.Build.0 = Debug|Win32
		{14F035B0-BB87-42C9-8C86-AD167368AB15}.Release|x64.ActiveCfg = Release|x64
		{14F035B0-BB87-42C9-8C86-AD167368AB15}.Release|x64.Build.0 = Release|x64
		{14F035B0-BB87-42C9-8C86-AD167368AB15}.Release|x86.ActiveCfg = Release|Win32
		{14F035B0-BB87-42C9-8C86-AD167368AB15}.Release|x86.Build.0 = Release|Win32
	EndGlobalSection
	GlobalSection(SolutionProperties) = preSolution
		HideSolutionNode = FALSE
	EndGlobalSection
	GlobalSection(ExtensibilityGlobals) = postSolution
		SolutionGuid = {D2CD28D5-B671-47DF-BE59-F70C54278E0D}
	EndGlobalSection
EndGlobal
